
Microsoft Visual Studio Solution File, Format Version 12.00
# Visual Studio Version 17
VisualStudioVersion = 17.10.35027.167
MinimumVisualStudioVersion = 10.0.40219.1
Project("{FAE04EC0-301F-11D3-BF4B-00C04F79EFBC}") = "OOP-Assigment04", "OOP-Assigment04\OOP-Assigment04.csproj", "{B0714B10-CB86-46AD-A614-21EA421F9B39}"
EndProject
Global
	GlobalSection(SolutionConfigurationPlatforms) = preSolution
		Debug|Any CPU = Debug|Any CPU
		Release|Any CPU = Release|Any CPU
	EndGlobalSection
	GlobalSection(ProjectConfigurationPlatforms) = postSolution
		{B0714B10-CB86-46AD-A614-21EA421F9B39}.Debug|Any CPU.ActiveCfg = Debug|Any CPU
		{B0714B10-CB86-46AD-A614-21EA421F9B39}.Debug|Any CPU.Build.0 = Debug|Any CPU
		{B0714B10-CB86-46AD-A614-21EA421F9B39}.Release|Any CPU.ActiveCfg = Release|Any CPU
		{B0714B10-CB86-46AD-A614-21EA421F9B39}.Release|Any CPU.Build.0 = Release|Any CPU
	EndGlobalSection
	GlobalSection(SolutionProperties) = preSolution
		HideSolutionNode = FALSE
	EndGlobalSection
	GlobalSection(ExtensibilityGlobals) = postSolution
		SolutionGuid = {2C281601-ED8C-4E21-9FDF-A4A7C6207462}
	EndGlobalSection
EndGlobal
